
Microsoft Visual Studio Solution File, Format Version 12.00
# Visual Studio Version 17
VisualStudioVersion = 17.3.32819.101
MinimumVisualStudioVersion = 10.0.40219.1
Project("{FAE04EC0-301F-11D3-BF4B-00C04F79EFBC}") = "Ai test", "Ai test\Ai test.csproj", "{73CEAD4D-EF24-4ED9-8B67-810E1AC1EDEA}"
EndProject
Global
	GlobalSection(SolutionConfigurationPlatforms) = preSolution
		Debug|Any CPU = Debug|Any CPU
		Release|Any CPU = Release|Any CPU
	EndGlobalSection
	GlobalSection(ProjectConfigurationPlatforms) = postSolution
		{73CEAD4D-EF24-4ED9-8B67-810E1AC1EDEA}.Debug|Any CPU.ActiveCfg = Debug|Any CPU
		{73CEAD4D-EF24-4ED9-8B67-810E1AC1EDEA}.Debug|Any CPU.Build.0 = Debug|Any CPU
		{73CEAD4D-EF24-4ED9-8B67-810E1AC1EDEA}.Release|Any CPU.ActiveCfg = Release|Any CPU
		{73CEAD4D-EF24-4ED9-8B67-810E1AC1EDEA}.Release|Any CPU.Build.0 = Release|Any CPU
	EndGlobalSection
	GlobalSection(SolutionProperties) = preSolution
		HideSolutionNode = FALSE
	EndGlobalSection
	GlobalSection(ExtensibilityGlobals) = postSolution
		SolutionGuid = {3ACBBA25-93E4-4A89-BF76-0B1585BC4886}
	EndGlobalSection
EndGlobal
